// !$*UTF8*$!
{
	archiveVersion = 1;
	classes = {
	};
	objectVersion = 46;
	objects = {

/* Begin PBXBuildFile section */
		116614541DBBA25B00925D7C /* AppDelegate.swift in Sources */ = {isa = PBXBuildFile; fileRef = 116614531DBBA25B00925D7C /* AppDelegate.swift */; };
		116614561DBBA25B00925D7C /* ViewController.swift in Sources */ = {isa = PBXBuildFile; fileRef = 116614551DBBA25B00925D7C /* ViewController.swift */; };
		116614591DBBA25B00925D7C /* Main.storyboard in Resources */ = {isa = PBXBuildFile; fileRef = 116614571DBBA25B00925D7C /* Main.storyboard */; };
		1166145C1DBBA25B00925D7C /* stack_the_cards.xcdatamodeld in Sources */ = {isa = PBXBuildFile; fileRef = 1166145A1DBBA25B00925D7C /* stack_the_cards.xcdatamodeld */; };
		1166145E1DBBA25B00925D7C /* Assets.xcassets in Resources */ = {isa = PBXBuildFile; fileRef = 1166145D1DBBA25B00925D7C /* Assets.xcassets */; };
		116614611DBBA25B00925D7C /* LaunchScreen.storyboard in Resources */ = {isa = PBXBuildFile; fileRef = 1166145F1DBBA25B00925D7C /* LaunchScreen.storyboard */; };
/* End PBXBuildFile section */

/* Begin PBXFileReference section */
		116614501DBBA25B00925D7C /* stack-the-cards.app */ = {isa = PBXFileReference; explicitFileType = wrapper.application; includeInIndex = 0; path = "stack-the-cards.app"; sourceTree = BUILT_PRODUCTS_DIR; };
		116614531DBBA25B00925D7C /* AppDelegate.swift */ = {isa = PBXFileReference; lastKnownFileType = sourcecode.swift; path = AppDelegate.swift; sourceTree = "<group>"; };
		116614551DBBA25B00925D7C /* ViewController.swift */ = {isa = PBXFileReference; lastKnownFileType = sourcecode.swift; path = ViewController.swift; sourceTree = "<group>"; };
		116614581DBBA25B00925D7C /* Base */ = {isa = PBXFileReference; lastKnownFileType = file.storyboard; name = Base; path = Base.lproj/Main.storyboard; sourceTree = "<group>"; };
		1166145B1DBBA25B00925D7C /* stack_the_cards.xcdatamodel */ = {isa = PBXFileReference; lastKnownFileType = wrapper.xcdatamodel; path = stack_the_cards.xcdatamodel; sourceTree = "<group>"; };
		1166145D1DBBA25B00925D7C /* Assets.xcassets */ = {isa = PBXFileReference; lastKnownFileType = folder.assetcatalog; path = Assets.xcassets; sourceTree = "<group>"; };
		116614601DBBA25B00925D7C /* Base */ = {isa = PBXFileReference; lastKnownFileType = file.storyboard; name = Base; path = Base.lproj/LaunchScreen.storyboard; sourceTree = "<group>"; };
		116614621DBBA25B00925D7C /* Info.plist */ = {isa = PBXFileReference; lastKnownFileType = text.plist.xml; path = Info.plist; sourceTree = "<group>"; };
/* End PBXFileReference section */

/* Begin PBXFrameworksBuildPhase section */
		1166144D1DBBA25B00925D7C /* Frameworks */ = {
			isa = PBXFrameworksBuildPhase;
			buildActionMask = 2147483647;
			files = (
			);
			runOnlyForDeploymentPostprocessing = 0;
		};
/* End PBXFrameworksBuildPhase section */

/* Begin PBXGroup section */
		116614471DBBA25B00925D7C = {
			isa = PBXGroup;
			children = (
				116614521DBBA25B00925D7C /* stack-the-cards */,
				116614511DBBA25B00925D7C /* Products */,
			);
			sourceTree = "<group>";
		};
		116614511DBBA25B00925D7C /* Products */ = {
			isa = PBXGroup;
			children = (
				116614501DBBA25B00925D7C /* stack-the-cards.app */,
			);
			name = Products;
			sourceTree = "<group>";
		};
		116614521DBBA25B00925D7C /* stack-the-cards */ = {
			isa = PBXGroup;
			children = (
				116614531DBBA25B00925D7C /* AppDelegate.swift */,
				116614551DBBA25B00925D7C /* ViewController.swift */,
				116614571DBBA25B00925D7C /* Main.storyboard */,
				1166145D1DBBA25B00925D7C /* Assets.xcassets */,
				1166145F1DBBA25B00925D7C /* LaunchScreen.storyboard */,
				116614621DBBA25B00925D7C /* Info.plist */,
				1166145A1DBBA25B00925D7C /* stack_the_cards.xcdatamodeld */,
			);
			path = "stack-the-cards";
			sourceTree = "<group>";
		};
/* End PBXGroup section */

/* Begin PBXNativeTarget section */
		1166144F1DBBA25B00925D7C /* stack-the-cards */ = {
			isa = PBXNativeTarget;
			buildConfigurationList = 116614651DBBA25B00925D7C /* Build configuration list for PBXNativeTarget "stack-the-cards" */;
			buildPhases = (
				1166144C1DBBA25B00925D7C /* Sources */,
				1166144D1DBBA25B00925D7C /* Frameworks */,
				1166144E1DBBA25B00925D7C /* Resources */,
			);
			buildRules = (
			);
			dependencies = (
			);
			name = "stack-the-cards";
			productName = "stack-the-cards";
			productReference = 116614501DBBA25B00925D7C /* stack-the-cards.app */;
			productType = "com.apple.product-type.application";
		};
/* End PBXNativeTarget section */

/* Begin PBXProject section */
		116614481DBBA25B00925D7C /* Project object */ = {
			isa = PBXProject;
			attributes = {
				LastSwiftUpdateCheck = 0800;
				LastUpgradeCheck = 0800;
				ORGANIZATIONNAME = "ALEXANDER GARIN";
				TargetAttributes = {
					1166144F1DBBA25B00925D7C = {
						CreatedOnToolsVersion = 8.0;
						ProvisioningStyle = Automatic;
					};
				};
			};
			buildConfigurationList = 1166144B1DBBA25B00925D7C /* Build configuration list for PBXProject "stack-the-cards" */;
			compatibilityVersion = "Xcode 3.2";
			developmentRegion = English;
			hasScannedForEncodings = 0;
			knownRegions = (
				en,
				Base,
			);
			mainGroup = 116614471DBBA25B00925D7C;
			productRefGroup = 116614511DBBA25B00925D7C /* Products */;
			projectDirPath = "";
			projectRoot = "";
			targets = (
				1166144F1DBBA25B00925D7C /* stack-the-cards */,
			);
		};
/* End PBXProject section */

/* Begin PBXResourcesBuildPhase section */
		1166144E1DBBA25B00925D7C /* Resources */ = {
			isa = PBXResourcesBuildPhase;
			buildActionMask = 2147483647;
			files = (
				116614611DBBA25B00925D7C /* LaunchScreen.storyboard in Resources */,
				1166145E1DBBA25B00925D7C /* Assets.xcassets in Resources */,
				116614591DBBA25B00925D7C /* Main.storyboard in Resources */,
			);
			runOnlyForDeploymentPostprocessing = 0;
		};
/* End PBXResourcesBuildPhase section */

/* Begin PBXSourcesBuildPhase section */
		1166144C1DBBA25B00925D7C /* Sources */ = {
			isa = PBXSourcesBuildPhase;
			buildActionMask = 2147483647;
			files = (
				1166145C1DBBA25B00925D7C /* stack_the_cards.xcdatamodeld in Sources */,
				116614561DBBA25B00925D7C /* ViewController.swift in Sources */,
				116614541DBBA25B00925D7C /* AppDelegate.swift in Sources */,
			);
			runOnlyForDeploymentPostprocessing = 0;
		};
/* End PBXSourcesBuildPhase section */

/* Begin PBXVariantGroup section */
		116614571DBBA25B00925D7C /* Main.storyboard */ = {
			isa = PBXVariantGroup;
			children = (
				116614581DBBA25B00925D7C /* Base */,
			);
			name = Main.storyboard;
			sourceTree = "<group>";
		};
		1166145F1DBBA25B00925D7C /* LaunchScreen.storyboard */ = {
			isa = PBXVariantGroup;
			children = (
				116614601DBBA25B00925D7C /* Base */,
			);
			name = LaunchScreen.storyboard;
			sourceTree = "<group>";
		};
/* End PBXVariantGroup section */

/* Begin XCBuildConfiguration section */
		116614631DBBA25B00925D7C /* Debug */ = {
			isa = XCBuildConfiguration;
			buildSettings = {
				ALWAYS_SEARCH_USER_PATHS = NO;
				CLANG_ANALYZER_NONNULL = YES;
				CLANG_CXX_LANGUAGE_STANDARD = "gnu++0x";
				CLANG_CXX_LIBRARY = "libc++";
				CLANG_ENABLE_MODULES = YES;
				CLANG_ENABLE_OBJC_ARC = YES;
				CLANG_WARN_BOOL_CONVERSION = YES;
				CLANG_WARN_CONSTANT_CONVERSION = YES;
				CLANG_WARN_DIRECT_OBJC_ISA_USAGE = YES_ERROR;
				CLANG_WARN_DOCUMENTATION_COMMENTS = YES;
				CLANG_WARN_EMPTY_BODY = YES;
				CLANG_WARN_ENUM_CONVERSION = YES;
				CLANG_WARN_INFINITE_RECURSION = YES;
				CLANG_WARN_INT_CONVERSION = YES;
				CLANG_WARN_OBJC_ROOT_CLASS = YES_ERROR;
				CLANG_WARN_SUSPICIOUS_MOVES = YES;
				CLANG_WARN_UNREACHABLE_CODE = YES;
				CLANG_WARN__DUPLICATE_METHOD_MATCH = YES;
				"CODE_SIGN_IDENTITY[sdk=iphoneos*]" = "iPhone Developer";
				COPY_PHASE_STRIP = NO;
				DEBUG_INFORMATION_FORMAT = dwarf;
				ENABLE_STRICT_OBJC_MSGSEND = YES;
				ENABLE_TESTABILITY = YES;
				GCC_C_LANGUAGE_STANDARD = gnu99;
				GCC_DYNAMIC_NO_PIC = NO;
				GCC_NO_COMMON_BLOCKS = YES;
				GCC_OPTIMIZATION_LEVEL = 0;
				GCC_PREPROCESSOR_DEFINITIONS = (
					"DEBUG=1",
					"$(inherited)",
				);
				GCC_WARN_64_TO_32_BIT_CONVERSION = YES;
				GCC_WARN_ABOUT_RETURN_TYPE = YES_ERROR;
				GCC_WARN_UNDECLARED_SELECTOR = YES;
				GCC_WARN_UNINITIALIZED_AUTOS = YES_AGGRESSIVE;
				GCC_WARN_UNUSED_FUNCTION = YES;
				GCC_WARN_UNUSED_VARIABLE = YES;
				IPHONEOS_DEPLOYMENT_TARGET = 10.0;
				MTL_ENABLE_DEBUG_INFO = YES;
				ONLY_ACTIVE_ARCH = YES;
				SDKROOT = iphoneos;
				SWIFT_ACTIVE_COMPILATION_CONDITIONS = DEBUG;
				SWIFT_OPTIMIZATION_LEVEL = "-Onone";
				TARGETED_DEVICE_FAMILY = "1,2";
			};
			name = Debug;
		};
		116614641DBBA25B00925D7C /* Release */ = {
			isa = XCBuildConfiguration;
			buildSettings = {
				ALWAYS_SEARCH_USER_PATHS = NO;
				CLANG_ANALYZER_NONNULL = YES;
				CLANG_CXX_LANGUAGE_STANDARD = "gnu++0x";
				CLANG_CXX_LIBRARY = "libc++";
				CLANG_ENABLE_MODULES = YES;
				CLANG_ENABLE_OBJC_ARC = YES;
				CLANG_WARN_BOOL_CONVERSION = YES;
				CLANG_WARN_CONSTANT_CONVERSION = YES;
				CLANG_WARN_DIRECT_OBJC_ISA_USAGE = YES_ERROR;
				CLANG_WARN_DOCUMENTATION_COMMENTS = YES;
				CLANG_WARN_EMPTY_BODY = YES;
				CLANG_WARN_ENUM_CONVERSION = YES;
				CLANG_WARN_INFINITE_RECURSION = YES;
				CLANG_WARN_INT_CONVERSION = YES;
				CLANG_WARN_OBJC_ROOT_CLASS = YES_ERROR;
				CLANG_WARN_SUSPICIOUS_MOVES = YES;
				CLANG_WARN_UNREACHABLE_CODE = YES;
				CLANG_WARN__DUPLICATE_METHOD_MATCH = YES;
				"CODE_SIGN_IDENTITY[sdk=iphoneos*]" = "iPhone Developer";
				COPY_PHASE_STRIP = NO;
				DEBUG_INFORMATION_FORMAT = "dwarf-with-dsym";
				ENABLE_NS_ASSERTIONS = NO;
				ENABLE_STRICT_OBJC_MSGSEND = YES;
				GCC_C_LANGUAGE_STANDARD = gnu99;
				GCC_NO_COMMON_BLOCKS = YES;
				GCC_WARN_64_TO_32_BIT_CONVERSION = YES;
				GCC_WARN_ABOUT_RETURN_TYPE = YES_ERROR;
				GCC_WARN_UNDECLARED_SELECTOR = YES;
				GCC_WARN_UNINITIALIZED_AUTOS = YES_AGGRESSIVE;
				GCC_WARN_UNUSED_FUNCTION = YES;
				GCC_WARN_UNUSED_VARIABLE = YES;
				IPHONEOS_DEPLOYMENT_TARGET = 10.0;
				MTL_ENABLE_DEBUG_INFO = NO;
				SDKROOT = iphoneos;
				SWIFT_OPTIMIZATION_LEVEL = "-Owholemodule";
				TARGETED_DEVICE_FAMILY = "1,2";
				VALIDATE_PRODUCT = YES;
			};
			name = Release;
		};
		116614661DBBA25B00925D7C /* Debug */ = {
			isa = XCBuildConfiguration;
			buildSettings = {
				ASSETCATALOG_COMPILER_APPICON_NAME = AppIcon;
				INFOPLIST_FILE = "stack-the-cards/Info.plist";
				LD_RUNPATH_SEARCH_PATHS = "$(inherited) @executable_path/Frameworks";
				PRODUCT_BUNDLE_IDENTIFIER = "com.ppapp.stack-the-cards";
				PRODUCT_NAME = "$(TARGET_NAME)";
				SWIFT_VERSION = 3.0;
			};
			name = Debug;
		};
		116614671DBBA25B00925D7C /* Release */ = {
			isa = XCBuildConfiguration;
			buildSettings = {
				ASSETCATALOG_COMPILER_APPICON_NAME = AppIcon;
				INFOPLIST_FILE = "stack-the-cards/Info.plist";
				LD_RUNPATH_SEARCH_PATHS = "$(inherited) @executable_path/Frameworks";
				PRODUCT_BUNDLE_IDENTIFIER = "com.ppapp.stack-the-cards";
				PRODUCT_NAME = "$(TARGET_NAME)";
				SWIFT_VERSION = 3.0;
			};
			name = Release;
		};
/* End XCBuildConfiguration section */

/* Begin XCConfigurationList section */
		1166144B1DBBA25B00925D7C /* Build configuration list for PBXProject "stack-the-cards" */ = {
			isa = XCConfigurationList;
			buildConfigurations = (
				116614631DBBA25B00925D7C /* Debug */,
				116614641DBBA25B00925D7C /* Release */,
			);
			defaultConfigurationIsVisible = 0;
			defaultConfigurationName = Release;
		};
		116614651DBBA25B00925D7C /* Build configuration list for PBXNativeTarget "stack-the-cards" */ = {
			isa = XCConfigurationList;
			buildConfigurations = (
				116614661DBBA25B00925D7C /* Debug */,
				116614671DBBA25B00925D7C /* Release */,
			);
			defaultConfigurationIsVisible = 0;
		};
/* End XCConfigurationList section */

/* Begin XCVersionGroup section */
		1166145A1DBBA25B00925D7C /* stack_the_cards.xcdatamodeld */ = {
			isa = XCVersionGroup;
			children = (
				1166145B1DBBA25B00925D7C /* stack_the_cards.xcdatamodel */,
			);
			currentVersion = 1166145B1DBBA25B00925D7C /* stack_the_cards.xcdatamodel */;
			path = stack_the_cards.xcdatamodeld;
			sourceTree = "<group>";
			versionGroupType = wrapper.xcdatamodel;
		};
/* End XCVersionGroup section */
	};
	rootObject = 116614481DBBA25B00925D7C /* Project object */;
}
